
Microsoft Visual Studio Solution File, Format Version 12.00
# Visual Studio Version 16
VisualStudioVersion = 16.0.29911.84
MinimumVisualStudioVersion = 10.0.40219.1
Project("{FAE04EC0-301F-11D3-BF4B-00C04F79EFBC}") = "LinkShortener", "LinkShortener.csproj", "{00AEADF3-9238-494A-9397-D879AC77503C}"
EndProject
Global
	GlobalSection(SolutionConfigurationPlatforms) = preSolution
		Debug|Any CPU = Debug|Any CPU
		Release|Any CPU = Release|Any CPU
	EndGlobalSection
	GlobalSection(ProjectConfigurationPlatforms) = postSolution
		{00AEADF3-9238-494A-9397-D879AC77503C}.Debug|Any CPU.ActiveCfg = Debug|Any CPU
		{00AEADF3-9238-494A-9397-D879AC77503C}.Debug|Any CPU.Build.0 = Debug|Any CPU
		{00AEADF3-9238-494A-9397-D879AC77503C}.Release|Any CPU.ActiveCfg = Release|Any CPU
		{00AEADF3-9238-494A-9397-D879AC77503C}.Release|Any CPU.Build.0 = Release|Any CPU
	EndGlobalSection
	GlobalSection(SolutionProperties) = preSolution
		HideSolutionNode = FALSE
	EndGlobalSection
	GlobalSection(ExtensibilityGlobals) = postSolution
		SolutionGuid = {6E74177A-AB6D-4286-B9E0-0648F40E1F74}
	EndGlobalSection
EndGlobal
